
Microsoft Visual Studio Solution File, Format Version 12.00
# Visual Studio Version 16
VisualStudioVersion = 16.0.30413.136
MinimumVisualStudioVersion = 10.0.40219.1
Project("{FAE04EC0-301F-11D3-BF4B-00C04F79EFBC}") = "TestComponentLib", "TestComponentLib\TestComponentLib.csproj", "{5F12337E-2579-4FE3-9B86-64B560DF1644}"
EndProject
Project("{FAE04EC0-301F-11D3-BF4B-00C04F79EFBC}") = "App", "App\App.csproj", "{6EBD6456-FF0B-4280-B300-21CC40DEEEA8}"
EndProject
Project("{FAE04EC0-301F-11D3-BF4B-00C04F79EFBC}") = "NewApp", "NewApp\NewApp.csproj", "{A3513885-E53F-4F95-8642-3553F6DEE6A7}"
EndProject
Project("{FAE04EC0-301F-11D3-BF4B-00C04F79EFBC}") = "InnovativeApp", "InnovativeApp\InnovativeApp.csproj", "{9D02328E-CF5B-48A2-B346-C30864DB2112}"
EndProject
Project("{FAE04EC0-301F-11D3-BF4B-00C04F79EFBC}") = "Design", "Design\Design.csproj", "{4FCABC03-C288-4176-AFB5-58CAEB3A4881}"
EndProject
Project("{FAE04EC0-301F-11D3-BF4B-00C04F79EFBC}") = "EventDrivenProgram", "EventDrivenProgram\EventDrivenProgram.csproj", "{D7C9A91E-0020-42F4-BF29-64FDD52111C5}"
EndProject
Project("{FAE04EC0-301F-11D3-BF4B-00C04F79EFBC}") = "ThreadingBasics", "ThreadingBasics\ThreadingBasics.csproj", "{2A6E858F-647C-4A9E-AF4C-3443B7D84C43}"
EndProject
Project("{FAE04EC0-301F-11D3-BF4B-00C04F79EFBC}") = "DataCoueUnitTestLib", "DataCoueUnitTestLib\DataCoueUnitTestLib.csproj", "{22DCA943-1579-47E2-8274-8149113415A6}"
EndProject
Project("{FAE04EC0-301F-11D3-BF4B-00C04F79EFBC}") = "DataCoreUnitTestRunner", "DataCoreUnitTestRunner\DataCoreUnitTestRunner.csproj", "{712916A6-296A-44B2-AAD7-7F63919E8960}"
EndProject
Project("{FAE04EC0-301F-11D3-BF4B-00C04F79EFBC}") = "CalculatorLib", "CalculatorLib\CalculatorLib.csproj", "{F7888BCB-1628-479D-9C0B-0B80B746008D}"
EndProject
Project("{FAE04EC0-301F-11D3-BF4B-00C04F79EFBC}") = "CalculatorLibTestCasesLib", "CalculatorLibTestCasesLib\CalculatorLibTestCasesLib.csproj", "{C1188789-4591-4751-87B8-583442DDFD17}"
EndProject
Project("{FAE04EC0-301F-11D3-BF4B-00C04F79EFBC}") = "ParallelSupport", "ParallelSupport\ParallelSupport.csproj", "{3ADA3309-ECCB-4C51-ADFB-3BCC3FDCAE0B}"
EndProject
Project("{FAE04EC0-301F-11D3-BF4B-00C04F79EFBC}") = "WpfApp1", "WpfApp1\WpfApp1.csproj", "{946DD29A-7874-470E-A616-C74CBCA32DCA}"
EndProject
Project("{FAE04EC0-301F-11D3-BF4B-00C04F79EFBC}") = "AsyncAwait", "AsyncAwait\AsyncAwait.csproj", "{DFFC3D13-350D-4C38-9A15-BD2B4034A890}"
EndProject
Project("{FAE04EC0-301F-11D3-BF4B-00C04F79EFBC}") = "DynamicProgramming", "DynamicProgramming\DynamicProgramming.csproj", "{9B83DB3E-304B-460B-BA91-870F02E10230}"
EndProject
Project("{FAE04EC0-301F-11D3-BF4B-00C04F79EFBC}") = "GCDemo", "GCDemo\GCDemo.csproj", "{CBD7ADEA-1D45-4844-9880-02375F0C90F1}"
EndProject
Project("{FAE04EC0-301F-11D3-BF4B-00C04F79EFBC}") = "CalculatorServiceLib", "CalculatorServiceLib\CalculatorServiceLib.csproj", "{6084AE9D-8459-4F6C-A69E-786E0C7966B1}"
EndProject
Project("{FAE04EC0-301F-11D3-BF4B-00C04F79EFBC}") = "Server", "Server\Server.csproj", "{FEB1E41E-E88B-4C53-AF5A-739F18F8007F}"
EndProject
Project("{FAE04EC0-301F-11D3-BF4B-00C04F79EFBC}") = "CalculatorServiceContractLib", "CalculatorServiceContractLib\CalculatorServiceContractLib.csproj", "{EC6235E6-8B9F-4DB2-949A-1B7E8DC44559}"
EndProject
Project("{FAE04EC0-301F-11D3-BF4B-00C04F79EFBC}") = "WCFClient", "WCFClient\WCFClient.csproj", "{9C5C4BCC-2B12-4B29-9483-2DD253FF13C4}"
EndProject
Project("{FAE04EC0-301F-11D3-BF4B-00C04F79EFBC}") = "ConfigurationProviderServiceLib", "ConfigurationProviderServiceLib\ConfigurationProviderServiceLib.csproj", "{693694B9-5398-493D-82DE-985D0B5DEA38}"
EndProject
Project("{FAE04EC0-301F-11D3-BF4B-00C04F79EFBC}") = "ConfigurationServiceDataContractsLib", "ConfigurationServiceDataContractsLib\ConfigurationServiceDataContractsLib.csproj", "{CFDAF134-F7EA-4F99-90EE-06717C8D5D46}"
EndProject
Project("{FAE04EC0-301F-11D3-BF4B-00C04F79EFBC}") = "ConfigurationProvierServiceContractLib", "ConfigurationProvierServiceContractLib\ConfigurationProvierServiceContractLib.csproj", "{F5CEF2D0-0873-4EAA-9AA9-67751FFCB567}"
EndProject
Project("{FAE04EC0-301F-11D3-BF4B-00C04F79EFBC}") = "ConfigurationProviderIntegrationServiceLib", "ConfigurationProviderIntegrationServiceLib\ConfigurationProviderIntegrationServiceLib.csproj", "{E8B35BDF-BCFB-4606-9123-24DB39AF1582}"
EndProject
Project("{FAE04EC0-301F-11D3-BF4B-00C04F79EFBC}") = "ConfigurationProviderIntegrationServiceContractLib", "ConfigurationProviderIntegrationServiceContractLib\ConfigurationProviderIntegrationServiceContractLib.csproj", "{5E283416-CF17-4BA7-AE77-DD6FAD42E052}"
EndProject
Project("{FAE04EC0-301F-11D3-BF4B-00C04F79EFBC}") = "RestServer", "RestServer\RestServer.csproj", "{57BE75B9-AE94-42F8-BD8F-D9A69A5A07BF}"
EndProject
Project("{FAE04EC0-301F-11D3-BF4B-00C04F79EFBC}") = "WCFExtensibilityLib", "WCFExtensibilityLib\WCFExtensibilityLib.csproj", "{E504A0B4-1513-4E44-8870-F1C7A54AF996}"
EndProject
Project("{FAE04EC0-301F-11D3-BF4B-00C04F79EFBC}") = "TaskCancellation", "TaskCancellation\TaskCancellation.csproj", "{0B7A42C9-BDC5-4DCE-8840-226679EB0B16}"
EndProject
Project("{FAE04EC0-301F-11D3-BF4B-00C04F79EFBC}") = "ConcurrencyModeServer", "ConcurrencyModeServer\ConcurrencyModeServer.csproj", "{A040C3B1-17B1-4999-8593-B34AB8F5949A}"
EndProject
Project("{FAE04EC0-301F-11D3-BF4B-00C04F79EFBC}") = "ConcuurencyModeServerContractLib", "ConcuurencyModeServerContractLib\ConcuurencyModeServerContractLib.csproj", "{973C17B2-3F00-49A7-BD4A-959BAFAD44A4}"
EndProject
Project("{FAE04EC0-301F-11D3-BF4B-00C04F79EFBC}") = "ConcurrencyModeTestClient", "ConcurrencyModeTestClient\ConcurrencyModeTestClient.csproj", "{EC5DB49A-7108-40A4-922C-5524517345AD}"
EndProject
Project("{2150E333-8FDC-42A3-9474-1A3956D46DE8}") = "DuplexCommunication", "DuplexCommunication", "{F3EDF281-FB6A-40C9-AFB3-2B319F31829E}"
EndProject
Project("{FAE04EC0-301F-11D3-BF4B-00C04F79EFBC}") = "AgentService", "AgentService\AgentService.csproj", "{C18A9CEB-F25C-441D-B3E1-BF697341AA4E}"
EndProject
Project("{FAE04EC0-301F-11D3-BF4B-00C04F79EFBC}") = "SystemDataHubServer", "SystemDataHubServer\SystemDataHubServer.csproj", "{4233657A-2519-46C9-8028-50EBBF28A51F}"
EndProject
Project("{FAE04EC0-301F-11D3-BF4B-00C04F79EFBC}") = "ClientApp", "ClientApp\ClientApp.csproj", "{AFDB45BE-0563-46D4-8D42-8699B5E8F3F1}"
EndProject
Project("{FAE04EC0-301F-11D3-BF4B-00C04F79EFBC}") = "DataHubServicePubisherContractLib", "DataHubServicePubisherContractLib\DataHubServicePubisherContractLib.csproj", "{CBE5FF58-B42C-4EC5-8B85-E266946CEBD9}"
EndProject
Project("{FAE04EC0-301F-11D3-BF4B-00C04F79EFBC}") = "DataHubServiceSubscriberContractLib", "DataHubServiceSubscriberContractLib\DataHubServiceSubscriberContractLib.csproj", "{3E9D3251-A53C-48C0-A9AF-E1B404EAF288}"
EndProject
Project("{2150E333-8FDC-42A3-9474-1A3956D46DE8}") = "ReEntrant", "ReEntrant", "{AAA74463-8B5E-406E-9EEC-F0B4AD5DECA6}"
EndProject
Project("{FAE04EC0-301F-11D3-BF4B-00C04F79EFBC}") = "ContractsLib", "ContractsLib\ContractsLib.csproj", "{86A6A2FB-F901-4A10-BD5E-C660FA195CF5}"
EndProject
Project("{FAE04EC0-301F-11D3-BF4B-00C04F79EFBC}") = "TransactionServer", "TransactionServer\TransactionServer.csproj", "{A221B4AD-BE7A-4A8A-BFC0-14BBB731B5A0}"
EndProject
Project("{FAE04EC0-301F-11D3-BF4B-00C04F79EFBC}") = "TransactionClient", "TransactionClient\TransactionClient.csproj", "{DCBD808F-E792-4E06-A64A-DB15D19E73C6}"
EndProject
Global
	GlobalSection(SolutionConfigurationPlatforms) = preSolution
		Debug|Any CPU = Debug|Any CPU
		Release|Any CPU = Release|Any CPU
	EndGlobalSection
	GlobalSection(ProjectConfigurationPlatforms) = postSolution
		{5F12337E-2579-4FE3-9B86-64B560DF1644}.Debug|Any CPU.ActiveCfg = Debug|Any CPU
		{5F12337E-2579-4FE3-9B86-64B560DF1644}.Debug|Any CPU.Build.0 = Debug|Any CPU
		{5F12337E-2579-4FE3-9B86-64B560DF1644}.Release|Any CPU.ActiveCfg = Release|Any CPU
		{5F12337E-2579-4FE3-9B86-64B560DF1644}.Release|Any CPU.Build.0 = Release|Any CPU
		{6EBD6456-FF0B-4280-B300-21CC40DEEEA8}.Debug|Any CPU.ActiveCfg = Debug|Any CPU
		{6EBD6456-FF0B-4280-B300-21CC40DEEEA8}.Debug|Any CPU.Build.0 = Debug|Any CPU
		{6EBD6456-FF0B-4280-B300-21CC40DEEEA8}.Release|Any CPU.ActiveCfg = Release|Any CPU
		{6EBD6456-FF0B-4280-B300-21CC40DEEEA8}.Release|Any CPU.Build.0 = Release|Any CPU
		{A3513885-E53F-4F95-8642-3553F6DEE6A7}.Debug|Any CPU.ActiveCfg = Debug|Any CPU
		{A3513885-E53F-4F95-8642-3553F6DEE6A7}.Debug|Any CPU.Build.0 = Debug|Any CPU
		{A3513885-E53F-4F95-8642-3553F6DEE6A7}.Release|Any CPU.ActiveCfg = Release|Any CPU
		{A3513885-E53F-4F95-8642-3553F6DEE6A7}.Release|Any CPU.Build.0 = Release|Any CPU
		{9D02328E-CF5B-48A2-B346-C30864DB2112}.Debug|Any CPU.ActiveCfg = Debug|Any CPU
		{9D02328E-CF5B-48A2-B346-C30864DB2112}.Debug|Any CPU.Build.0 = Debug|Any CPU
		{9D02328E-CF5B-48A2-B346-C30864DB2112}.Release|Any CPU.ActiveCfg = Release|Any CPU
		{9D02328E-CF5B-48A2-B346-C30864DB2112}.Release|Any CPU.Build.0 = Release|Any CPU
		{4FCABC03-C288-4176-AFB5-58CAEB3A4881}.Debug|Any CPU.ActiveCfg = Debug|Any CPU
		{4FCABC03-C288-4176-AFB5-58CAEB3A4881}.Debug|Any CPU.Build.0 = Debug|Any CPU
		{4FCABC03-C288-4176-AFB5-58CAEB3A4881}.Release|Any CPU.ActiveCfg = Release|Any CPU
		{4FCABC03-C288-4176-AFB5-58CAEB3A4881}.Release|Any CPU.Build.0 = Release|Any CPU
		{D7C9A91E-0020-42F4-BF29-64FDD52111C5}.Debug|Any CPU.ActiveCfg = Debug|Any CPU
		{D7C9A91E-0020-42F4-BF29-64FDD52111C5}.Debug|Any CPU.Build.0 = Debug|Any CPU
		{D7C9A91E-0020-42F4-BF29-64FDD52111C5}.Release|Any CPU.ActiveCfg = Release|Any CPU
		{D7C9A91E-0020-42F4-BF29-64FDD52111C5}.Release|Any CPU.Build.0 = Release|Any CPU
		{2A6E858F-647C-4A9E-AF4C-3443B7D84C43}.Debug|Any CPU.ActiveCfg = Debug|Any CPU
		{2A6E858F-647C-4A9E-AF4C-3443B7D84C43}.Debug|Any CPU.Build.0 = Debug|Any CPU
		{2A6E858F-647C-4A9E-AF4C-3443B7D84C43}.Release|Any CPU.ActiveCfg = Release|Any CPU
		{2A6E858F-647C-4A9E-AF4C-3443B7D84C43}.Release|Any CPU.Build.0 = Release|Any CPU
		{22DCA943-1579-47E2-8274-8149113415A6}.Debug|Any CPU.ActiveCfg = Debug|Any CPU
		{22DCA943-1579-47E2-8274-8149113415A6}.Debug|Any CPU.Build.0 = Debug|Any CPU
		{22DCA943-1579-47E2-8274-8149113415A6}.Release|Any CPU.ActiveCfg = Release|Any CPU
		{22DCA943-1579-47E2-8274-8149113415A6}.Release|Any CPU.Build.0 = Release|Any CPU
		{712916A6-296A-44B2-AAD7-7F63919E8960}.Debug|Any CPU.ActiveCfg = Debug|Any CPU
		{712916A6-296A-44B2-AAD7-7F63919E8960}.Debug|Any CPU.Build.0 = Debug|Any CPU
		{712916A6-296A-44B2-AAD7-7F63919E8960}.Release|Any CPU.ActiveCfg = Release|Any CPU
		{712916A6-296A-44B2-AAD7-7F63919E8960}.Release|Any CPU.Build.0 = Release|Any CPU
		{F7888BCB-1628-479D-9C0B-0B80B746008D}.Debug|Any CPU.ActiveCfg = Debug|Any CPU
		{F7888BCB-1628-479D-9C0B-0B80B746008D}.Debug|Any CPU.Build.0 = Debug|Any CPU
		{F7888BCB-1628-479D-9C0B-0B80B746008D}.Release|Any CPU.ActiveCfg = Release|Any CPU
		{F7888BCB-1628-479D-9C0B-0B80B746008D}.Release|Any CPU.Build.0 = Release|Any CPU
		{C1188789-4591-4751-87B8-583442DDFD17}.Debug|Any CPU.ActiveCfg = Debug|Any CPU
		{C1188789-4591-4751-87B8-583442DDFD17}.Debug|Any CPU.Build.0 = Debug|Any CPU
		{C1188789-4591-4751-87B8-583442DDFD17}.Release|Any CPU.ActiveCfg = Release|Any CPU
		{C1188789-4591-4751-87B8-583442DDFD17}.Release|Any CPU.Build.0 = Release|Any CPU
		{3ADA3309-ECCB-4C51-ADFB-3BCC3FDCAE0B}.Debug|Any CPU.ActiveCfg = Debug|Any CPU
		{3ADA3309-ECCB-4C51-ADFB-3BCC3FDCAE0B}.Debug|Any CPU.Build.0 = Debug|Any CPU
		{3ADA3309-ECCB-4C51-ADFB-3BCC3FDCAE0B}.Release|Any CPU.ActiveCfg = Release|Any CPU
		{3ADA3309-ECCB-4C51-ADFB-3BCC3FDCAE0B}.Release|Any CPU.Build.0 = Release|Any CPU
		{946DD29A-7874-470E-A616-C74CBCA32DCA}.Debug|Any CPU.ActiveCfg = Debug|Any CPU
		{946DD29A-7874-470E-A616-C74CBCA32DCA}.Debug|Any CPU.Build.0 = Debug|Any CPU
		{946DD29A-7874-470E-A616-C74CBCA32DCA}.Release|Any CPU.ActiveCfg = Release|Any CPU
		{946DD29A-7874-470E-A616-C74CBCA32DCA}.Release|Any CPU.Build.0 = Release|Any CPU
		{DFFC3D13-350D-4C38-9A15-BD2B4034A890}.Debug|Any CPU.ActiveCfg = Debug|Any CPU
		{DFFC3D13-350D-4C38-9A15-BD2B4034A890}.Debug|Any CPU.Build.0 = Debug|Any CPU
		{DFFC3D13-350D-4C38-9A15-BD2B4034A890}.Release|Any CPU.ActiveCfg = Release|Any CPU
		{DFFC3D13-350D-4C38-9A15-BD2B4034A890}.Release|Any CPU.Build.0 = Release|Any CPU
		{9B83DB3E-304B-460B-BA91-870F02E10230}.Debug|Any CPU.ActiveCfg = Debug|Any CPU
		{9B83DB3E-304B-460B-BA91-870F02E10230}.Debug|Any CPU.Build.0 = Debug|Any CPU
		{9B83DB3E-304B-460B-BA91-870F02E10230}.Release|Any CPU.ActiveCfg = Release|Any CPU
		{9B83DB3E-304B-460B-BA91-870F02E10230}.Release|Any CPU.Build.0 = Release|Any CPU
		{CBD7ADEA-1D45-4844-9880-02375F0C90F1}.Debug|Any CPU.ActiveCfg = Debug|Any CPU
		{CBD7ADEA-1D45-4844-9880-02375F0C90F1}.Debug|Any CPU.Build.0 = Debug|Any CPU
		{CBD7ADEA-1D45-4844-9880-02375F0C90F1}.Release|Any CPU.ActiveCfg = Release|Any CPU
		{CBD7ADEA-1D45-4844-9880-02375F0C90F1}.Release|Any CPU.Build.0 = Release|Any CPU
		{6084AE9D-8459-4F6C-A69E-786E0C7966B1}.Debug|Any CPU.ActiveCfg = Debug|Any CPU
		{6084AE9D-8459-4F6C-A69E-786E0C7966B1}.Debug|Any CPU.Build.0 = Debug|Any CPU
		{6084AE9D-8459-4F6C-A69E-786E0C7966B1}.Release|Any CPU.ActiveCfg = Release|Any CPU
		{6084AE9D-8459-4F6C-A69E-786E0C7966B1}.Release|Any CPU.Build.0 = Release|Any CPU
		{FEB1E41E-E88B-4C53-AF5A-739F18F8007F}.Debug|Any CPU.ActiveCfg = Debug|Any CPU
		{FEB1E41E-E88B-4C53-AF5A-739F18F8007F}.Debug|Any CPU.Build.0 = Debug|Any CPU
		{FEB1E41E-E88B-4C53-AF5A-739F18F8007F}.Release|Any CPU.ActiveCfg = Release|Any CPU
		{FEB1E41E-E88B-4C53-AF5A-739F18F8007F}.Release|Any CPU.Build.0 = Release|Any CPU
		{EC6235E6-8B9F-4DB2-949A-1B7E8DC44559}.Debug|Any CPU.ActiveCfg = Debug|Any CPU
		{EC6235E6-8B9F-4DB2-949A-1B7E8DC44559}.Debug|Any CPU.Build.0 = Debug|Any CPU
		{EC6235E6-8B9F-4DB2-949A-1B7E8DC44559}.Release|Any CPU.ActiveCfg = Release|Any CPU
		{EC6235E6-8B9F-4DB2-949A-1B7E8DC44559}.Release|Any CPU.Build.0 = Release|Any CPU
		{9C5C4BCC-2B12-4B29-9483-2DD253FF13C4}.Debug|Any CPU.ActiveCfg = Debug|Any CPU
		{9C5C4BCC-2B12-4B29-9483-2DD253FF13C4}.Debug|Any CPU.Build.0 = Debug|Any CPU
		{9C5C4BCC-2B12-4B29-9483-2DD253FF13C4}.Release|Any CPU.ActiveCfg = Release|Any CPU
		{9C5C4BCC-2B12-4B29-9483-2DD253FF13C4}.Release|Any CPU.Build.0 = Release|Any CPU
		{693694B9-5398-493D-82DE-985D0B5DEA38}.Debug|Any CPU.ActiveCfg = Debug|Any CPU
		{693694B9-5398-493D-82DE-985D0B5DEA38}.Debug|Any CPU.Build.0 = Debug|Any CPU
		{693694B9-5398-493D-82DE-985D0B5DEA38}.Release|Any CPU.ActiveCfg = Release|Any CPU
		{693694B9-5398-493D-82DE-985D0B5DEA38}.Release|Any CPU.Build.0 = Release|Any CPU
		{CFDAF134-F7EA-4F99-90EE-06717C8D5D46}.Debug|Any CPU.ActiveCfg = Debug|Any CPU
		{CFDAF134-F7EA-4F99-90EE-06717C8D5D46}.Debug|Any CPU.Build.0 = Debug|Any CPU
		{CFDAF134-F7EA-4F99-90EE-06717C8D5D46}.Release|Any CPU.ActiveCfg = Release|Any CPU
		{CFDAF134-F7EA-4F99-90EE-06717C8D5D46}.Release|Any CPU.Build.0 = Release|Any CPU
		{F5CEF2D0-0873-4EAA-9AA9-67751FFCB567}.Debug|Any CPU.ActiveCfg = Debug|Any CPU
		{F5CEF2D0-0873-4EAA-9AA9-67751FFCB567}.Debug|Any CPU.Build.0 = Debug|Any CPU
		{F5CEF2D0-0873-4EAA-9AA9-67751FFCB567}.Release|Any CPU.ActiveCfg = Release|Any CPU
		{F5CEF2D0-0873-4EAA-9AA9-67751FFCB567}.Release|Any CPU.Build.0 = Release|Any CPU
		{E8B35BDF-BCFB-4606-9123-24DB39AF1582}.Debug|Any CPU.ActiveCfg = Debug|Any CPU
		{E8B35BDF-BCFB-4606-9123-24DB39AF1582}.Debug|Any CPU.Build.0 = Debug|Any CPU
		{E8B35BDF-BCFB-4606-9123-24DB39AF1582}.Release|Any CPU.ActiveCfg = Release|Any CPU
		{E8B35BDF-BCFB-4606-9123-24DB39AF1582}.Release|Any CPU.Build.0 = Release|Any CPU
		{5E283416-CF17-4BA7-AE77-DD6FAD42E052}.Debug|Any CPU.ActiveCfg = Debug|Any CPU
		{5E283416-CF17-4BA7-AE77-DD6FAD42E052}.Debug|Any CPU.Build.0 = Debug|Any CPU
		{5E283416-CF17-4BA7-AE77-DD6FAD42E052}.Release|Any CPU.ActiveCfg = Release|Any CPU
		{5E283416-CF17-4BA7-AE77-DD6FAD42E052}.Release|Any CPU.Build.0 = Release|Any CPU
		{57BE75B9-AE94-42F8-BD8F-D9A69A5A07BF}.Debug|Any CPU.ActiveCfg = Debug|Any CPU
		{57BE75B9-AE94-42F8-BD8F-D9A69A5A07BF}.Debug|Any CPU.Build.0 = Debug|Any CPU
		{57BE75B9-AE94-42F8-BD8F-D9A69A5A07BF}.Release|Any CPU.ActiveCfg = Release|Any CPU
		{57BE75B9-AE94-42F8-BD8F-D9A69A5A07BF}.Release|Any CPU.Build.0 = Release|Any CPU
		{E504A0B4-1513-4E44-8870-F1C7A54AF996}.Debug|Any CPU.ActiveCfg = Debug|Any CPU
		{E504A0B4-1513-4E44-8870-F1C7A54AF996}.Debug|Any CPU.Build.0 = Debug|Any CPU
		{E504A0B4-1513-4E44-8870-F1C7A54AF996}.Release|Any CPU.ActiveCfg = Release|Any CPU
		{E504A0B4-1513-4E44-8870-F1C7A54AF996}.Release|Any CPU.Build.0 = Release|Any CPU
		{0B7A42C9-BDC5-4DCE-8840-226679EB0B16}.Debug|Any CPU.ActiveCfg = Debug|Any CPU
		{0B7A42C9-BDC5-4DCE-8840-226679EB0B16}.Debug|Any CPU.Build.0 = Debug|Any CPU
		{0B7A42C9-BDC5-4DCE-8840-226679EB0B16}.Release|Any CPU.ActiveCfg = Release|Any CPU
		{0B7A42C9-BDC5-4DCE-8840-226679EB0B16}.Release|Any CPU.Build.0 = Release|Any CPU
		{A040C3B1-17B1-4999-8593-B34AB8F5949A}.Debug|Any CPU.ActiveCfg = Debug|Any CPU
		{A040C3B1-17B1-4999-8593-B34AB8F5949A}.Debug|Any CPU.Build.0 = Debug|Any CPU
		{A040C3B1-17B1-4999-8593-B34AB8F5949A}.Release|Any CPU.ActiveCfg = Release|Any CPU
		{A040C3B1-17B1-4999-8593-B34AB8F5949A}.Release|Any CPU.Build.0 = Release|Any CPU
		{973C17B2-3F00-49A7-BD4A-959BAFAD44A4}.Debug|Any CPU.ActiveCfg = Debug|Any CPU
		{973C17B2-3F00-49A7-BD4A-959BAFAD44A4}.Debug|Any CPU.Build.0 = Debug|Any CPU
		{973C17B2-3F00-49A7-BD4A-959BAFAD44A4}.Release|Any CPU.ActiveCfg = Release|Any CPU
		{973C17B2-3F00-49A7-BD4A-959BAFAD44A4}.Release|Any CPU.Build.0 = Release|Any CPU
		{EC5DB49A-7108-40A4-922C-5524517345AD}.Debug|Any CPU.ActiveCfg = Debug|Any CPU
		{EC5DB49A-7108-40A4-922C-5524517345AD}.Debug|Any CPU.Build.0 = Debug|Any CPU
		{EC5DB49A-7108-40A4-922C-5524517345AD}.Release|Any CPU.ActiveCfg = Release|Any CPU
		{EC5DB49A-7108-40A4-922C-5524517345AD}.Release|Any CPU.Build.0 = Release|Any CPU
		{C18A9CEB-F25C-441D-B3E1-BF697341AA4E}.Debug|Any CPU.ActiveCfg = Debug|Any CPU
		{C18A9CEB-F25C-441D-B3E1-BF697341AA4E}.Debug|Any CPU.Build.0 = Debug|Any CPU
		{C18A9CEB-F25C-441D-B3E1-BF697341AA4E}.Release|Any CPU.ActiveCfg = Release|Any CPU
		{C18A9CEB-F25C-441D-B3E1-BF697341AA4E}.Release|Any CPU.Build.0 = Release|Any CPU
		{4233657A-2519-46C9-8028-50EBBF28A51F}.Debug|Any CPU.ActiveCfg = Debug|Any CPU
		{4233657A-2519-46C9-8028-50EBBF28A51F}.Debug|Any CPU.Build.0 = Debug|Any CPU
		{4233657A-2519-46C9-8028-50EBBF28A51F}.Release|Any CPU.ActiveCfg = Release|Any CPU
		{4233657A-2519-46C9-8028-50EBBF28A51F}.Release|Any CPU.Build.0 = Release|Any CPU
		{AFDB45BE-0563-46D4-8D42-8699B5E8F3F1}.Debug|Any CPU.ActiveCfg = Debug|Any CPU
		{AFDB45BE-0563-46D4-8D42-8699B5E8F3F1}.Debug|Any CPU.Build.0 = Debug|Any CPU
		{AFDB45BE-0563-46D4-8D42-8699B5E8F3F1}.Release|Any CPU.ActiveCfg = Release|Any CPU
		{AFDB45BE-0563-46D4-8D42-8699B5E8F3F1}.Release|Any CPU.Build.0 = Release|Any CPU
		{CBE5FF58-B42C-4EC5-8B85-E266946CEBD9}.Debug|Any CPU.ActiveCfg = Debug|Any CPU
		{CBE5FF58-B42C-4EC5-8B85-E266946CEBD9}.Debug|Any CPU.Build.0 = Debug|Any CPU
		{CBE5FF58-B42C-4EC5-8B85-E266946CEBD9}.Release|Any CPU.ActiveCfg = Release|Any CPU
		{CBE5FF58-B42C-4EC5-8B85-E266946CEBD9}.Release|Any CPU.Build.0 = Release|Any CPU
		{3E9D3251-A53C-48C0-A9AF-E1B404EAF288}.Debug|Any CPU.ActiveCfg = Debug|Any CPU
		{3E9D3251-A53C-48C0-A9AF-E1B404EAF288}.Debug|Any CPU.Build.0 = Debug|Any CPU
		{3E9D3251-A53C-48C0-A9AF-E1B404EAF288}.Release|Any CPU.ActiveCfg = Release|Any CPU
		{3E9D3251-A53C-48C0-A9AF-E1B404EAF288}.Release|Any CPU.Build.0 = Release|Any CPU
		{86A6A2FB-F901-4A10-BD5E-C660FA195CF5}.Debug|Any CPU.ActiveCfg = Debug|Any CPU
		{86A6A2FB-F901-4A10-BD5E-C660FA195CF5}.Debug|Any CPU.Build.0 = Debug|Any CPU
		{86A6A2FB-F901-4A10-BD5E-C660FA195CF5}.Release|Any CPU.ActiveCfg = Release|Any CPU
		{86A6A2FB-F901-4A10-BD5E-C660FA195CF5}.Release|Any CPU.Build.0 = Release|Any CPU
		{A221B4AD-BE7A-4A8A-BFC0-14BBB731B5A0}.Debug|Any CPU.ActiveCfg = Debug|Any CPU
		{A221B4AD-BE7A-4A8A-BFC0-14BBB731B5A0}.Debug|Any CPU.Build.0 = Debug|Any CPU
		{A221B4AD-BE7A-4A8A-BFC0-14BBB731B5A0}.Release|Any CPU.ActiveCfg = Release|Any CPU
		{A221B4AD-BE7A-4A8A-BFC0-14BBB731B5A0}.Release|Any CPU.Build.0 = Release|Any CPU
		{DCBD808F-E792-4E06-A64A-DB15D19E73C6}.Debug|Any CPU.ActiveCfg = Debug|Any CPU
		{DCBD808F-E792-4E06-A64A-DB15D19E73C6}.Debug|Any CPU.Build.0 = Debug|Any CPU
		{DCBD808F-E792-4E06-A64A-DB15D19E73C6}.Release|Any CPU.ActiveCfg = Release|Any CPU
		{DCBD808F-E792-4E06-A64A-DB15D19E73C6}.Release|Any CPU.Build.0 = Release|Any CPU
	EndGlobalSection
	GlobalSection(SolutionProperties) = preSolution
		HideSolutionNode = FALSE
	EndGlobalSection
	GlobalSection(NestedProjects) = preSolution
		{C18A9CEB-F25C-441D-B3E1-BF697341AA4E} = {F3EDF281-FB6A-40C9-AFB3-2B319F31829E}
		{4233657A-2519-46C9-8028-50EBBF28A51F} = {F3EDF281-FB6A-40C9-AFB3-2B319F31829E}
		{AFDB45BE-0563-46D4-8D42-8699B5E8F3F1} = {F3EDF281-FB6A-40C9-AFB3-2B319F31829E}
		{CBE5FF58-B42C-4EC5-8B85-E266946CEBD9} = {F3EDF281-FB6A-40C9-AFB3-2B319F31829E}
		{3E9D3251-A53C-48C0-A9AF-E1B404EAF288} = {F3EDF281-FB6A-40C9-AFB3-2B319F31829E}
		{86A6A2FB-F901-4A10-BD5E-C660FA195CF5} = {AAA74463-8B5E-406E-9EEC-F0B4AD5DECA6}
		{A221B4AD-BE7A-4A8A-BFC0-14BBB731B5A0} = {AAA74463-8B5E-406E-9EEC-F0B4AD5DECA6}
		{DCBD808F-E792-4E06-A64A-DB15D19E73C6} = {AAA74463-8B5E-406E-9EEC-F0B4AD5DECA6}
	EndGlobalSection
	GlobalSection(ExtensibilityGlobals) = postSolution
		SolutionGuid = {06B95EFE-6963-4F15-B723-2F66920219C4}
	EndGlobalSection
EndGlobal
